{
  "nodes": {
    "flake-utils": {
      "locked": {
        "lastModified": 1600209923,
        "narHash": "sha256-zoOWauTliFEjI++esk6Jzk7QO5EKpddWXQm9yQK24iM=",
        "owner": "numtide",
        "repo": "flake-utils",
        "rev": "3cd06d3c1df6879c9e41cb2c33113df10566c760",
        "type": "github"
      },
      "original": {
        "owner": "numtide",
        "repo": "flake-utils",
        "type": "github"
      }
    },
    "nixpkgs": {
      "locked": {
        "lastModified": 1600878293,
        "narHash": "sha256-/s5W3XirTEAVzhTHpXW5O639KKtm8Cgbl8zyYwUXq3c=",
        "owner": "NixOS",
        "repo": "nixpkgs",
        "rev": "05a04d85fd4597cdea463aacc705fba88a570f37",
        "type": "github"
      },
      "original": {
        "id": "nixpkgs",
        "type": "indirect"
      }
    },
    "root": {
      "inputs": {
        "flake-utils": "flake-utils",
        "nixpkgs": "nixpkgs"
      }
    }
  },
  "root": "root",
  "version": 7
}
